args==0.1.0
astroid==2.4.2
clint==0.5.1
coverage==5.2.1
inflection==0.5.1
isort==5.5.2
jedi==0.17.2
lazy-object-proxy==1.4.3
mamba==0.10
mccabe==0.6.1
mock==4.0.2
parso==0.7.1
pathtools==0.1.2
pluggy==0.13.1
pycodestyle==2.6.0
pydocstyle==5.1.1
pyflakes==2.2.0
pylint==2.6.0
python-jsonrpc-server==0.3.4
python-language-server==0.34.1
rope==0.18.0
six==1.15.0
snowballstemmer==2.0.0
sure==1.4.11
toml==0.10.1
ujson==1.35
watchdog==0.10.3
wrapt==1.12.1
